
Microsoft Visual Studio Solution File, Format Version 12.00
# Visual Studio Version 16
VisualStudioVersion = 16.0.31313.79
MinimumVisualStudioVersion = 10.0.40219.1
Project("{FAE04EC0-301F-11D3-BF4B-00C04F79EFBC}") = "DoctorDiary.Android", "DoctorDiary\DoctorDiary.Android\DoctorDiary.Android.csproj", "{CB2FE9AF-2C78-438C-A947-951018D1B594}"
EndProject
Project("{FAE04EC0-301F-11D3-BF4B-00C04F79EFBC}") = "DoctorDiary.iOS", "DoctorDiary\DoctorDiary.iOS\DoctorDiary.iOS.csproj", "{9BA4E3A5-BA7C-4DB3-90EB-B835CD43C74F}"
EndProject
Project("{FAE04EC0-301F-11D3-BF4B-00C04F79EFBC}") = "DoctorDiary", "DoctorDiary\DoctorDiary\DoctorDiary.csproj", "{AF659C7D-8867-490B-BD4A-F5F007F17689}"
EndProject
Project("{FAE04EC0-301F-11D3-BF4B-00C04F79EFBC}") = "DoctorDiary.Shared", "DoctorDiary.Shared\DoctorDiary.Shared.csproj", "{28F7C630-56CF-48B3-9A67-6A35F50ABB22}"
EndProject
Global
	GlobalSection(SolutionConfigurationPlatforms) = preSolution
		Debug|Any CPU = Debug|Any CPU
		Debug|iPhone = Debug|iPhone
		Debug|iPhoneSimulator = Debug|iPhoneSimulator
		Release|Any CPU = Release|Any CPU
		Release|iPhone = Release|iPhone
		Release|iPhoneSimulator = Release|iPhoneSimulator
	EndGlobalSection
	GlobalSection(ProjectConfigurationPlatforms) = postSolution
		{CB2FE9AF-2C78-438C-A947-951018D1B594}.Debug|Any CPU.ActiveCfg = Debug|Any CPU
		{CB2FE9AF-2C78-438C-A947-951018D1B594}.Debug|Any CPU.Build.0 = Debug|Any CPU
		{CB2FE9AF-2C78-438C-A947-951018D1B594}.Debug|Any CPU.Deploy.0 = Debug|Any CPU
		{CB2FE9AF-2C78-438C-A947-951018D1B594}.Debug|iPhone.ActiveCfg = Debug|Any CPU
		{CB2FE9AF-2C78-438C-A947-951018D1B594}.Debug|iPhone.Build.0 = Debug|Any CPU
		{CB2FE9AF-2C78-438C-A947-951018D1B594}.Debug|iPhone.Deploy.0 = Debug|Any CPU
		{CB2FE9AF-2C78-438C-A947-951018D1B594}.Debug|iPhoneSimulator.ActiveCfg = Debug|Any CPU
		{CB2FE9AF-2C78-438C-A947-951018D1B594}.Debug|iPhoneSimulator.Build.0 = Debug|Any CPU
		{CB2FE9AF-2C78-438C-A947-951018D1B594}.Debug|iPhoneSimulator.Deploy.0 = Debug|Any CPU
		{CB2FE9AF-2C78-438C-A947-951018D1B594}.Release|Any CPU.ActiveCfg = Release|Any CPU
		{CB2FE9AF-2C78-438C-A947-951018D1B594}.Release|Any CPU.Build.0 = Release|Any CPU
		{CB2FE9AF-2C78-438C-A947-951018D1B594}.Release|Any CPU.Deploy.0 = Release|Any CPU
		{CB2FE9AF-2C78-438C-A947-951018D1B594}.Release|iPhone.ActiveCfg = Release|Any CPU
		{CB2FE9AF-2C78-438C-A947-951018D1B594}.Release|iPhone.Build.0 = Release|Any CPU
		{CB2FE9AF-2C78-438C-A947-951018D1B594}.Release|iPhone.Deploy.0 = Release|Any CPU
		{CB2FE9AF-2C78-438C-A947-951018D1B594}.Release|iPhoneSimulator.ActiveCfg = Release|Any CPU
		{CB2FE9AF-2C78-438C-A947-951018D1B594}.Release|iPhoneSimulator.Build.0 = Release|Any CPU
		{CB2FE9AF-2C78-438C-A947-951018D1B594}.Release|iPhoneSimulator.Deploy.0 = Release|Any CPU
		{9BA4E3A5-BA7C-4DB3-90EB-B835CD43C74F}.Debug|Any CPU.ActiveCfg = Debug|iPhone
		{9BA4E3A5-BA7C-4DB3-90EB-B835CD43C74F}.Debug|Any CPU.Build.0 = Debug|iPhone
		{9BA4E3A5-BA7C-4DB3-90EB-B835CD43C74F}.Debug|Any CPU.Deploy.0 = Debug|iPhone
		{9BA4E3A5-BA7C-4DB3-90EB-B835CD43C74F}.Debug|iPhone.ActiveCfg = Debug|iPhone
		{9BA4E3A5-BA7C-4DB3-90EB-B835CD43C74F}.Debug|iPhone.Build.0 = Debug|iPhone
		{9BA4E3A5-BA7C-4DB3-90EB-B835CD43C74F}.Debug|iPhone.Deploy.0 = Debug|iPhone
		{9BA4E3A5-BA7C-4DB3-90EB-B835CD43C74F}.Debug|iPhoneSimulator.ActiveCfg = Debug|iPhoneSimulator
		{9BA4E3A5-BA7C-4DB3-90EB-B835CD43C74F}.Debug|iPhoneSimulator.Build.0 = Debug|iPhoneSimulator
		{9BA4E3A5-BA7C-4DB3-90EB-B835CD43C74F}.Debug|iPhoneSimulator.Deploy.0 = Debug|iPhoneSimulator
		{9BA4E3A5-BA7C-4DB3-90EB-B835CD43C74F}.Release|Any CPU.ActiveCfg = Release|iPhoneSimulator
		{9BA4E3A5-BA7C-4DB3-90EB-B835CD43C74F}.Release|Any CPU.Build.0 = Release|iPhoneSimulator
		{9BA4E3A5-BA7C-4DB3-90EB-B835CD43C74F}.Release|Any CPU.Deploy.0 = Release|iPhoneSimulator
		{9BA4E3A5-BA7C-4DB3-90EB-B835CD43C74F}.Release|iPhone.ActiveCfg = Release|iPhone
		{9BA4E3A5-BA7C-4DB3-90EB-B835CD43C74F}.Release|iPhone.Build.0 = Release|iPhone
		{9BA4E3A5-BA7C-4DB3-90EB-B835CD43C74F}.Release|iPhone.Deploy.0 = Release|iPhone
		{9BA4E3A5-BA7C-4DB3-90EB-B835CD43C74F}.Release|iPhoneSimulator.ActiveCfg = Release|iPhoneSimulator
		{9BA4E3A5-BA7C-4DB3-90EB-B835CD43C74F}.Release|iPhoneSimulator.Build.0 = Release|iPhoneSimulator
		{9BA4E3A5-BA7C-4DB3-90EB-B835CD43C74F}.Release|iPhoneSimulator.Deploy.0 = Release|iPhoneSimulator
		{AF659C7D-8867-490B-BD4A-F5F007F17689}.Debug|Any CPU.ActiveCfg = Debug|Any CPU
		{AF659C7D-8867-490B-BD4A-F5F007F17689}.Debug|Any CPU.Build.0 = Debug|Any CPU
		{AF659C7D-8867-490B-BD4A-F5F007F17689}.Debug|Any CPU.Deploy.0 = Debug|Any CPU
		{AF659C7D-8867-490B-BD4A-F5F007F17689}.Debug|iPhone.ActiveCfg = Debug|Any CPU
		{AF659C7D-8867-490B-BD4A-F5F007F17689}.Debug|iPhone.Build.0 = Debug|Any CPU
		{AF659C7D-8867-490B-BD4A-F5F007F17689}.Debug|iPhone.Deploy.0 = Debug|Any CPU
		{AF659C7D-8867-490B-BD4A-F5F007F17689}.Debug|iPhoneSimulator.ActiveCfg = Debug|Any CPU
		{AF659C7D-8867-490B-BD4A-F5F007F17689}.Debug|iPhoneSimulator.Build.0 = Debug|Any CPU
		{AF659C7D-8867-490B-BD4A-F5F007F17689}.Debug|iPhoneSimulator.Deploy.0 = Debug|Any CPU
		{AF659C7D-8867-490B-BD4A-F5F007F17689}.Release|Any CPU.ActiveCfg = Release|Any CPU
		{AF659C7D-8867-490B-BD4A-F5F007F17689}.Release|Any CPU.Build.0 = Release|Any CPU
		{AF659C7D-8867-490B-BD4A-F5F007F17689}.Release|Any CPU.Deploy.0 = Release|Any CPU
		{AF659C7D-8867-490B-BD4A-F5F007F17689}.Release|iPhone.ActiveCfg = Release|Any CPU
		{AF659C7D-8867-490B-BD4A-F5F007F17689}.Release|iPhone.Build.0 = Release|Any CPU
		{AF659C7D-8867-490B-BD4A-F5F007F17689}.Release|iPhone.Deploy.0 = Release|Any CPU
		{AF659C7D-8867-490B-BD4A-F5F007F17689}.Release|iPhoneSimulator.ActiveCfg = Release|Any CPU
		{AF659C7D-8867-490B-BD4A-F5F007F17689}.Release|iPhoneSimulator.Build.0 = Release|Any CPU
		{AF659C7D-8867-490B-BD4A-F5F007F17689}.Release|iPhoneSimulator.Deploy.0 = Release|Any CPU
		{28F7C630-56CF-48B3-9A67-6A35F50ABB22}.Debug|Any CPU.ActiveCfg = Debug|Any CPU
		{28F7C630-56CF-48B3-9A67-6A35F50ABB22}.Debug|Any CPU.Build.0 = Debug|Any CPU
		{28F7C630-56CF-48B3-9A67-6A35F50ABB22}.Debug|iPhone.ActiveCfg = Debug|Any CPU
		{28F7C630-56CF-48B3-9A67-6A35F50ABB22}.Debug|iPhone.Build.0 = Debug|Any CPU
		{28F7C630-56CF-48B3-9A67-6A35F50ABB22}.Debug|iPhoneSimulator.ActiveCfg = Debug|Any CPU
		{28F7C630-56CF-48B3-9A67-6A35F50ABB22}.Debug|iPhoneSimulator.Build.0 = Debug|Any CPU
		{28F7C630-56CF-48B3-9A67-6A35F50ABB22}.Release|Any CPU.ActiveCfg = Release|Any CPU
		{28F7C630-56CF-48B3-9A67-6A35F50ABB22}.Release|Any CPU.Build.0 = Release|Any CPU
		{28F7C630-56CF-48B3-9A67-6A35F50ABB22}.Release|iPhone.ActiveCfg = Release|Any CPU
		{28F7C630-56CF-48B3-9A67-6A35F50ABB22}.Release|iPhone.Build.0 = Release|Any CPU
		{28F7C630-56CF-48B3-9A67-6A35F50ABB22}.Release|iPhoneSimulator.ActiveCfg = Release|Any CPU
		{28F7C630-56CF-48B3-9A67-6A35F50ABB22}.Release|iPhoneSimulator.Build.0 = Release|Any CPU
	EndGlobalSection
	GlobalSection(SolutionProperties) = preSolution
		HideSolutionNode = FALSE
	EndGlobalSection
	GlobalSection(ExtensibilityGlobals) = postSolution
		SolutionGuid = {4AE4C971-4823-4F33-9C80-447B81B17CDE}
	EndGlobalSection
EndGlobal
