
Microsoft Visual Studio Solution File, Format Version 12.00
# Visual Studio Version 16
VisualStudioVersion = 16.0.31313.79
MinimumVisualStudioVersion = 10.0.40219.1
Project("{FAE04EC0-301F-11D3-BF4B-00C04F79EFBC}") = "DoctorDiary.Android", "DoctorDiary\DoctorDiary.Android\DoctorDiary.Android.csproj", "{0AF108A0-9662-4545-ABED-2E2DFAF3B397}"
EndProject
Project("{FAE04EC0-301F-11D3-BF4B-00C04F79EFBC}") = "DoctorDiary.iOS", "DoctorDiary\DoctorDiary.iOS\DoctorDiary.iOS.csproj", "{CF9C0014-F784-4A87-8D82-99450B7B402D}"
EndProject
Project("{FAE04EC0-301F-11D3-BF4B-00C04F79EFBC}") = "DoctorDiary", "DoctorDiary\DoctorDiary\DoctorDiary.csproj", "{44C02078-85DB-447A-A46D-0A83EAFD7873}"
EndProject
Project("{FAE04EC0-301F-11D3-BF4B-00C04F79EFBC}") = "DoctorDiary.Shared", "DoctorDiary\DoctorDiary.Shared\DoctorDiary.Shared.csproj", "{C61E1F70-838B-467B-AE6B-B11ADEFA061F}"
EndProject
Project("{FAE04EC0-301F-11D3-BF4B-00C04F79EFBC}") = "DoctorDiary.DbMigrator", "DoctorDiary.DbMigrator\DoctorDiary.DbMigrator.csproj", "{07B736C3-6C80-414D-92BE-E681E10DA1AE}"
EndProject
Global
	GlobalSection(SolutionConfigurationPlatforms) = preSolution
		Debug|Any CPU = Debug|Any CPU
		Debug|iPhone = Debug|iPhone
		Debug|iPhoneSimulator = Debug|iPhoneSimulator
		Release|Any CPU = Release|Any CPU
		Release|iPhone = Release|iPhone
		Release|iPhoneSimulator = Release|iPhoneSimulator
	EndGlobalSection
	GlobalSection(ProjectConfigurationPlatforms) = postSolution
		{0AF108A0-9662-4545-ABED-2E2DFAF3B397}.Debug|Any CPU.ActiveCfg = Debug|Any CPU
		{0AF108A0-9662-4545-ABED-2E2DFAF3B397}.Debug|Any CPU.Build.0 = Debug|Any CPU
		{0AF108A0-9662-4545-ABED-2E2DFAF3B397}.Debug|Any CPU.Deploy.0 = Debug|Any CPU
		{0AF108A0-9662-4545-ABED-2E2DFAF3B397}.Debug|iPhone.ActiveCfg = Debug|Any CPU
		{0AF108A0-9662-4545-ABED-2E2DFAF3B397}.Debug|iPhone.Build.0 = Debug|Any CPU
		{0AF108A0-9662-4545-ABED-2E2DFAF3B397}.Debug|iPhone.Deploy.0 = Debug|Any CPU
		{0AF108A0-9662-4545-ABED-2E2DFAF3B397}.Debug|iPhoneSimulator.ActiveCfg = Debug|Any CPU
		{0AF108A0-9662-4545-ABED-2E2DFAF3B397}.Debug|iPhoneSimulator.Build.0 = Debug|Any CPU
		{0AF108A0-9662-4545-ABED-2E2DFAF3B397}.Debug|iPhoneSimulator.Deploy.0 = Debug|Any CPU
		{0AF108A0-9662-4545-ABED-2E2DFAF3B397}.Release|Any CPU.ActiveCfg = Release|Any CPU
		{0AF108A0-9662-4545-ABED-2E2DFAF3B397}.Release|Any CPU.Build.0 = Release|Any CPU
		{0AF108A0-9662-4545-ABED-2E2DFAF3B397}.Release|Any CPU.Deploy.0 = Release|Any CPU
		{0AF108A0-9662-4545-ABED-2E2DFAF3B397}.Release|iPhone.ActiveCfg = Release|Any CPU
		{0AF108A0-9662-4545-ABED-2E2DFAF3B397}.Release|iPhone.Build.0 = Release|Any CPU
		{0AF108A0-9662-4545-ABED-2E2DFAF3B397}.Release|iPhone.Deploy.0 = Release|Any CPU
		{0AF108A0-9662-4545-ABED-2E2DFAF3B397}.Release|iPhoneSimulator.ActiveCfg = Release|Any CPU
		{0AF108A0-9662-4545-ABED-2E2DFAF3B397}.Release|iPhoneSimulator.Build.0 = Release|Any CPU
		{0AF108A0-9662-4545-ABED-2E2DFAF3B397}.Release|iPhoneSimulator.Deploy.0 = Release|Any CPU
		{CF9C0014-F784-4A87-8D82-99450B7B402D}.Debug|Any CPU.ActiveCfg = Debug|iPhone
		{CF9C0014-F784-4A87-8D82-99450B7B402D}.Debug|Any CPU.Build.0 = Debug|iPhone
		{CF9C0014-F784-4A87-8D82-99450B7B402D}.Debug|Any CPU.Deploy.0 = Debug|iPhone
		{CF9C0014-F784-4A87-8D82-99450B7B402D}.Debug|iPhone.ActiveCfg = Debug|iPhone
		{CF9C0014-F784-4A87-8D82-99450B7B402D}.Debug|iPhone.Build.0 = Debug|iPhone
		{CF9C0014-F784-4A87-8D82-99450B7B402D}.Debug|iPhone.Deploy.0 = Debug|iPhone
		{CF9C0014-F784-4A87-8D82-99450B7B402D}.Debug|iPhoneSimulator.ActiveCfg = Debug|iPhoneSimulator
		{CF9C0014-F784-4A87-8D82-99450B7B402D}.Debug|iPhoneSimulator.Build.0 = Debug|iPhoneSimulator
		{CF9C0014-F784-4A87-8D82-99450B7B402D}.Debug|iPhoneSimulator.Deploy.0 = Debug|iPhoneSimulator
		{CF9C0014-F784-4A87-8D82-99450B7B402D}.Release|Any CPU.ActiveCfg = Release|iPhoneSimulator
		{CF9C0014-F784-4A87-8D82-99450B7B402D}.Release|Any CPU.Build.0 = Release|iPhoneSimulator
		{CF9C0014-F784-4A87-8D82-99450B7B402D}.Release|Any CPU.Deploy.0 = Release|iPhoneSimulator
		{CF9C0014-F784-4A87-8D82-99450B7B402D}.Release|iPhone.ActiveCfg = Release|iPhone
		{CF9C0014-F784-4A87-8D82-99450B7B402D}.Release|iPhone.Build.0 = Release|iPhone
		{CF9C0014-F784-4A87-8D82-99450B7B402D}.Release|iPhone.Deploy.0 = Release|iPhone
		{CF9C0014-F784-4A87-8D82-99450B7B402D}.Release|iPhoneSimulator.ActiveCfg = Release|iPhoneSimulator
		{CF9C0014-F784-4A87-8D82-99450B7B402D}.Release|iPhoneSimulator.Build.0 = Release|iPhoneSimulator
		{CF9C0014-F784-4A87-8D82-99450B7B402D}.Release|iPhoneSimulator.Deploy.0 = Release|iPhoneSimulator
		{44C02078-85DB-447A-A46D-0A83EAFD7873}.Debug|Any CPU.ActiveCfg = Debug|Any CPU
		{44C02078-85DB-447A-A46D-0A83EAFD7873}.Debug|Any CPU.Build.0 = Debug|Any CPU
		{44C02078-85DB-447A-A46D-0A83EAFD7873}.Debug|Any CPU.Deploy.0 = Debug|Any CPU
		{44C02078-85DB-447A-A46D-0A83EAFD7873}.Debug|iPhone.ActiveCfg = Debug|Any CPU
		{44C02078-85DB-447A-A46D-0A83EAFD7873}.Debug|iPhone.Build.0 = Debug|Any CPU
		{44C02078-85DB-447A-A46D-0A83EAFD7873}.Debug|iPhone.Deploy.0 = Debug|Any CPU
		{44C02078-85DB-447A-A46D-0A83EAFD7873}.Debug|iPhoneSimulator.ActiveCfg = Debug|Any CPU
		{44C02078-85DB-447A-A46D-0A83EAFD7873}.Debug|iPhoneSimulator.Build.0 = Debug|Any CPU
		{44C02078-85DB-447A-A46D-0A83EAFD7873}.Debug|iPhoneSimulator.Deploy.0 = Debug|Any CPU
		{44C02078-85DB-447A-A46D-0A83EAFD7873}.Release|Any CPU.ActiveCfg = Release|Any CPU
		{44C02078-85DB-447A-A46D-0A83EAFD7873}.Release|Any CPU.Build.0 = Release|Any CPU
		{44C02078-85DB-447A-A46D-0A83EAFD7873}.Release|Any CPU.Deploy.0 = Release|Any CPU
		{44C02078-85DB-447A-A46D-0A83EAFD7873}.Release|iPhone.ActiveCfg = Release|Any CPU
		{44C02078-85DB-447A-A46D-0A83EAFD7873}.Release|iPhone.Build.0 = Release|Any CPU
		{44C02078-85DB-447A-A46D-0A83EAFD7873}.Release|iPhone.Deploy.0 = Release|Any CPU
		{44C02078-85DB-447A-A46D-0A83EAFD7873}.Release|iPhoneSimulator.ActiveCfg = Release|Any CPU
		{44C02078-85DB-447A-A46D-0A83EAFD7873}.Release|iPhoneSimulator.Build.0 = Release|Any CPU
		{44C02078-85DB-447A-A46D-0A83EAFD7873}.Release|iPhoneSimulator.Deploy.0 = Release|Any CPU
		{C61E1F70-838B-467B-AE6B-B11ADEFA061F}.Debug|Any CPU.ActiveCfg = Debug|Any CPU
		{C61E1F70-838B-467B-AE6B-B11ADEFA061F}.Debug|Any CPU.Build.0 = Debug|Any CPU
		{C61E1F70-838B-467B-AE6B-B11ADEFA061F}.Debug|iPhone.ActiveCfg = Debug|Any CPU
		{C61E1F70-838B-467B-AE6B-B11ADEFA061F}.Debug|iPhone.Build.0 = Debug|Any CPU
		{C61E1F70-838B-467B-AE6B-B11ADEFA061F}.Debug|iPhoneSimulator.ActiveCfg = Debug|Any CPU
		{C61E1F70-838B-467B-AE6B-B11ADEFA061F}.Debug|iPhoneSimulator.Build.0 = Debug|Any CPU
		{C61E1F70-838B-467B-AE6B-B11ADEFA061F}.Release|Any CPU.ActiveCfg = Release|Any CPU
		{C61E1F70-838B-467B-AE6B-B11ADEFA061F}.Release|Any CPU.Build.0 = Release|Any CPU
		{C61E1F70-838B-467B-AE6B-B11ADEFA061F}.Release|iPhone.ActiveCfg = Release|Any CPU
		{C61E1F70-838B-467B-AE6B-B11ADEFA061F}.Release|iPhone.Build.0 = Release|Any CPU
		{C61E1F70-838B-467B-AE6B-B11ADEFA061F}.Release|iPhoneSimulator.ActiveCfg = Release|Any CPU
		{C61E1F70-838B-467B-AE6B-B11ADEFA061F}.Release|iPhoneSimulator.Build.0 = Release|Any CPU
		{07B736C3-6C80-414D-92BE-E681E10DA1AE}.Debug|Any CPU.ActiveCfg = Debug|Any CPU
		{07B736C3-6C80-414D-92BE-E681E10DA1AE}.Debug|Any CPU.Build.0 = Debug|Any CPU
		{07B736C3-6C80-414D-92BE-E681E10DA1AE}.Debug|iPhone.ActiveCfg = Debug|Any CPU
		{07B736C3-6C80-414D-92BE-E681E10DA1AE}.Debug|iPhone.Build.0 = Debug|Any CPU
		{07B736C3-6C80-414D-92BE-E681E10DA1AE}.Debug|iPhoneSimulator.ActiveCfg = Debug|Any CPU
		{07B736C3-6C80-414D-92BE-E681E10DA1AE}.Debug|iPhoneSimulator.Build.0 = Debug|Any CPU
		{07B736C3-6C80-414D-92BE-E681E10DA1AE}.Release|Any CPU.ActiveCfg = Release|Any CPU
		{07B736C3-6C80-414D-92BE-E681E10DA1AE}.Release|Any CPU.Build.0 = Release|Any CPU
		{07B736C3-6C80-414D-92BE-E681E10DA1AE}.Release|iPhone.ActiveCfg = Release|Any CPU
		{07B736C3-6C80-414D-92BE-E681E10DA1AE}.Release|iPhone.Build.0 = Release|Any CPU
		{07B736C3-6C80-414D-92BE-E681E10DA1AE}.Release|iPhoneSimulator.ActiveCfg = Release|Any CPU
		{07B736C3-6C80-414D-92BE-E681E10DA1AE}.Release|iPhoneSimulator.Build.0 = Release|Any CPU
	EndGlobalSection
	GlobalSection(SolutionProperties) = preSolution
		HideSolutionNode = FALSE
	EndGlobalSection
	GlobalSection(ExtensibilityGlobals) = postSolution
		SolutionGuid = {28F3833C-4D1F-44D9-9AA1-2776295C4378}
	EndGlobalSection
EndGlobal
